
Microsoft Visual Studio Solution File, Format Version 12.00
# Visual Studio Version 16
VisualStudioVersion = 16.0.31727.386
MinimumVisualStudioVersion = 10.0.40219.1
Project("{9A19103F-16F7-4668-BE54-9A1E7A4F7556}") = "targil0", "targil0\targil0.csproj", "{6242B7DD-25F3-44DD-A389-42F1BAEC1EFE}"
EndProject
Project("{2150E333-8FDC-42A3-9474-1A3956D46DE8}") = "Solution Items", "Solution Items", "{D71B0788-43C5-4720-A901-B0EFA00AED47}"
	ProjectSection(SolutionItems) = preProject
		README.md = README.md
	EndProjectSection
EndProject
Project("{9A19103F-16F7-4668-BE54-9A1E7A4F7556}") = "ConsoleDal", "ConsoleUI\ConsoleDal.csproj", "{A8F58FC8-D90C-4ADC-8F43-3EB21B710FC7}"
EndProject
Project("{9A19103F-16F7-4668-BE54-9A1E7A4F7556}") = "DalObject", "DAL\DalObject.csproj", "{D8DBE5C4-81F1-4322-BABF-135A70020C45}"
EndProject
Project("{9A19103F-16F7-4668-BE54-9A1E7A4F7556}") = "BL", "BL\BL.csproj", "{81A5FBCC-21AF-4F04-864B-6DF6FD830015}"
EndProject
Project("{9A19103F-16F7-4668-BE54-9A1E7A4F7556}") = "ConsoleBl", "ConsoleUI_BL\ConsoleBl.csproj", "{3A7011D9-B3F1-49ED-B5A6-D50B636A8098}"
EndProject
Project("{9A19103F-16F7-4668-BE54-9A1E7A4F7556}") = "PL", "PL\PL.csproj", "{9275CE9A-4188-4DB8-B1B6-07E9677DE308}"
EndProject
Project("{9A19103F-16F7-4668-BE54-9A1E7A4F7556}") = "DalFacade", "DalFacade\DalFacade.csproj", "{EB3AC98D-38C7-40EE-8E38-3F9FA718CFA6}"
EndProject
Project("{9A19103F-16F7-4668-BE54-9A1E7A4F7556}") = "DalXml", "DalXml\DalXml.csproj", "{A460F91D-3774-48B4-83BF-2F76B2457978}"
EndProject
Project("{2150E333-8FDC-42A3-9474-1A3956D46DE8}") = "xml", "xml", "{1D4FF03D-D7F2-4955-9A2B-E9AEF128EDC3}"
	ProjectSection(SolutionItems) = preProject
		xml\config.xml = xml\config.xml
		xml\Customers.xml = xml\Customers.xml
		xml\dal-config.xml = xml\dal-config.xml
		xml\DroneCharges.xml = xml\DroneCharges.xml
		xml\Drones.xml = xml\Drones.xml
		xml\Parcels.xml = xml\Parcels.xml
		xml\Stations.xml = xml\Stations.xml
	EndProjectSection
EndProject
Project("{2150E333-8FDC-42A3-9474-1A3956D46DE8}") = "Pictures", "Pictures", "{B8759970-5DB7-4C96-8943-FAC51C4703C6}"
	ProjectSection(SolutionItems) = preProject
		Pictures\Drone.jpg = Pictures\Drone.jpg
	EndProjectSection
EndProject
Global
	GlobalSection(SolutionConfigurationPlatforms) = preSolution
		Debug|Any CPU = Debug|Any CPU
		Release|Any CPU = Release|Any CPU
	EndGlobalSection
	GlobalSection(ProjectConfigurationPlatforms) = postSolution
		{6242B7DD-25F3-44DD-A389-42F1BAEC1EFE}.Debug|Any CPU.ActiveCfg = Debug|Any CPU
		{6242B7DD-25F3-44DD-A389-42F1BAEC1EFE}.Debug|Any CPU.Build.0 = Debug|Any CPU
		{6242B7DD-25F3-44DD-A389-42F1BAEC1EFE}.Release|Any CPU.ActiveCfg = Release|Any CPU
		{6242B7DD-25F3-44DD-A389-42F1BAEC1EFE}.Release|Any CPU.Build.0 = Release|Any CPU
		{A8F58FC8-D90C-4ADC-8F43-3EB21B710FC7}.Debug|Any CPU.ActiveCfg = Debug|Any CPU
		{A8F58FC8-D90C-4ADC-8F43-3EB21B710FC7}.Debug|Any CPU.Build.0 = Debug|Any CPU
		{A8F58FC8-D90C-4ADC-8F43-3EB21B710FC7}.Release|Any CPU.ActiveCfg = Release|Any CPU
		{A8F58FC8-D90C-4ADC-8F43-3EB21B710FC7}.Release|Any CPU.Build.0 = Release|Any CPU
		{D8DBE5C4-81F1-4322-BABF-135A70020C45}.Debug|Any CPU.ActiveCfg = Debug|Any CPU
		{D8DBE5C4-81F1-4322-BABF-135A70020C45}.Debug|Any CPU.Build.0 = Debug|Any CPU
		{D8DBE5C4-81F1-4322-BABF-135A70020C45}.Release|Any CPU.ActiveCfg = Release|Any CPU
		{D8DBE5C4-81F1-4322-BABF-135A70020C45}.Release|Any CPU.Build.0 = Release|Any CPU
		{81A5FBCC-21AF-4F04-864B-6DF6FD830015}.Debug|Any CPU.ActiveCfg = Debug|Any CPU
		{81A5FBCC-21AF-4F04-864B-6DF6FD830015}.Debug|Any CPU.Build.0 = Debug|Any CPU
		{81A5FBCC-21AF-4F04-864B-6DF6FD830015}.Release|Any CPU.ActiveCfg = Release|Any CPU
		{81A5FBCC-21AF-4F04-864B-6DF6FD830015}.Release|Any CPU.Build.0 = Release|Any CPU
		{3A7011D9-B3F1-49ED-B5A6-D50B636A8098}.Debug|Any CPU.ActiveCfg = Debug|Any CPU
		{3A7011D9-B3F1-49ED-B5A6-D50B636A8098}.Debug|Any CPU.Build.0 = Debug|Any CPU
		{3A7011D9-B3F1-49ED-B5A6-D50B636A8098}.Release|Any CPU.ActiveCfg = Release|Any CPU
		{3A7011D9-B3F1-49ED-B5A6-D50B636A8098}.Release|Any CPU.Build.0 = Release|Any CPU
		{9275CE9A-4188-4DB8-B1B6-07E9677DE308}.Debug|Any CPU.ActiveCfg = Debug|Any CPU
		{9275CE9A-4188-4DB8-B1B6-07E9677DE308}.Debug|Any CPU.Build.0 = Debug|Any CPU
		{9275CE9A-4188-4DB8-B1B6-07E9677DE308}.Release|Any CPU.ActiveCfg = Release|Any CPU
		{9275CE9A-4188-4DB8-B1B6-07E9677DE308}.Release|Any CPU.Build.0 = Release|Any CPU
		{EB3AC98D-38C7-40EE-8E38-3F9FA718CFA6}.Debug|Any CPU.ActiveCfg = Debug|Any CPU
		{EB3AC98D-38C7-40EE-8E38-3F9FA718CFA6}.Debug|Any CPU.Build.0 = Debug|Any CPU
		{EB3AC98D-38C7-40EE-8E38-3F9FA718CFA6}.Release|Any CPU.ActiveCfg = Release|Any CPU
		{EB3AC98D-38C7-40EE-8E38-3F9FA718CFA6}.Release|Any CPU.Build.0 = Release|Any CPU
		{A460F91D-3774-48B4-83BF-2F76B2457978}.Debug|Any CPU.ActiveCfg = Debug|Any CPU
		{A460F91D-3774-48B4-83BF-2F76B2457978}.Debug|Any CPU.Build.0 = Debug|Any CPU
		{A460F91D-3774-48B4-83BF-2F76B2457978}.Release|Any CPU.ActiveCfg = Release|Any CPU
		{A460F91D-3774-48B4-83BF-2F76B2457978}.Release|Any CPU.Build.0 = Release|Any CPU
	EndGlobalSection
	GlobalSection(SolutionProperties) = preSolution
		HideSolutionNode = FALSE
	EndGlobalSection
	GlobalSection(ExtensibilityGlobals) = postSolution
		SolutionGuid = {A9F47DB1-D7AA-4276-BADB-58F05217B1B1}
	EndGlobalSection
EndGlobal
